{
  "originHash" : "4a47737c14c35e296ca0714acabc55e65638dc8fc7057e0756dd3559541128b7",
  "pins" : [
    {
      "identity" : "highlightr",
      "kind" : "remoteSourceControl",
      "location" : "https://github.com/raspu/Highlightr.git",
      "state" : {
        "revision" : "bcf2d0590f32ac2528feb72d7e34f5b463801a47",
        "version" : "2.2.1"
      }
    },
    {
      "identity" : "markdownview",
      "kind" : "remoteSourceControl",
      "location" : "https://github.com/aheze/MarkdownView",
      "state" : {
        "branch" : "main",
        "revision" : "c759663b94f1ef6fa7df8818abb66bec953d7eef"
      }
    },
    {
      "identity" : "mathjaxswift",
      "kind" : "remoteSourceControl",
      "location" : "https://github.com/aheze/MathJaxSwift.git",
      "state" : {
        "branch" : "main",
        "revision" : "dad2ff323c1d52ea8747f7ad4f405a9c717a62c1"
      }
    },
    {
      "identity" : "swift-cmark",
      "kind" : "remoteSourceControl",
      "location" : "https://github.com/swiftlang/swift-cmark.git",
      "state" : {
        "branch" : "gfm",
        "revision" : "fc07ab5da47975c5ef5f336acadfc02e8f706d30"
      }
    },
    {
      "identity" : "swift-markdown",
      "kind" : "remoteSourceControl",
      "location" : "https://github.com/aheze/swift-markdown.git",
      "state" : {
        "branch" : "main",
        "revision" : "d21714073e0d16ba78eebdf36724863afc36871d"
      }
    }
  ],
  "version" : 3
}
